{
  "name": "swe-midterm",
  "version": "0.1.0",
  "lockfileVersion": 3,
  "requires": true,
  "packages": {
    "": {
      "name": "swe-midterm",
      "version": "0.1.0",
      "workspaces": [
        "apps/*",
        "packages/*"
      ],
      "devDependencies": {
        "marked": "^17.0.5"
      }
    },
    "apps/api": {
      "name": "@swe-midterm/api",
      "version": "0.1.0",
      "dependencies": {
        "@swe-midterm/contracts": "file:../../packages/contracts"
      },
      "devDependencies": {
        "@types/node": "^24.0.15",
        "typescript": "^5.6.3"
      }
    },
    "apps/web": {
      "name": "@swe-midterm/web",
      "version": "0.1.0",
      "extraneous": true,
      "dependencies": {
        "@swe-midterm/contracts": "file:../../packages/contracts"
      },
      "devDependencies": {
        "typescript": "^5.6.3",
        "vite": "^5.4.8"
      }
    },
    "node_modules/@swe-midterm/api": {
      "resolved": "apps/api",
      "link": true
    },
    "node_modules/@swe-midterm/contracts": {
      "resolved": "packages/contracts",
      "link": true
    },
    "node_modules/@types/node": {
      "version": "24.12.0",
      "resolved": "https://registry.npmjs.org/@types/node/-/node-24.12.0.tgz",
      "integrity": "sha512-GYDxsZi3ChgmckRT9HPU0WEhKLP08ev/Yfcq2AstjrDASOYCSXeyjDsHg4v5t4jOj7cyDX3vmprafKlWIG9MXQ==",
      "dev": true,
      "license": "MIT",
      "dependencies": {
        "undici-types": "~7.16.0"
      }
    },
    "node_modules/marked": {
      "version": "17.0.5",
      "resolved": "https://registry.npmjs.org/marked/-/marked-17.0.5.tgz",
      "integrity": "sha512-6hLvc0/JEbRjRgzI6wnT2P1XuM1/RrrDEX0kPt0N7jGm1133g6X7DlxFasUIx+72aKAr904GTxhSLDrd5DIlZg==",
      "dev": true,
      "license": "MIT",
      "bin": {
        "marked": "bin/marked.js"
      },
      "engines": {
        "node": ">= 20"
      }
    },
    "node_modules/typescript": {
      "version": "5.9.3",
      "resolved": "https://registry.npmjs.org/typescript/-/typescript-5.9.3.tgz",
      "integrity": "sha512-jl1vZzPDinLr9eUt3J/t7V6FgNEw9QjvBPdysz9KfQDD41fQrC2Y4vKQdiaUpFT4bXlb1RHhLpp8wtm6M5TgSw==",
      "dev": true,
      "license": "Apache-2.0",
      "bin": {
        "tsc": "bin/tsc",
        "tsserver": "bin/tsserver"
      },
      "engines": {
        "node": ">=14.17"
      }
    },
    "node_modules/undici-types": {
      "version": "7.16.0",
      "resolved": "https://registry.npmjs.org/undici-types/-/undici-types-7.16.0.tgz",
      "integrity": "sha512-Zz+aZWSj8LE6zoxD+xrjh4VfkIG8Ya6LvYkZqtUQGJPZjYl53ypCaUwWqo7eI0x66KBGeRo+mlBEkMSeSZ38Nw==",
      "dev": true,
      "license": "MIT"
    },
    "packages/contracts": {
      "name": "@swe-midterm/contracts",
      "version": "0.1.0",
      "devDependencies": {
        "typescript": "^5.6.3"
      }
    }
  }
}
